<?xml version="1.0" encoding="utf-8"?>
<Project ToolsVersion="4.0" xmlns="http://schemas.microsoft.com/developer/msbuild/2003">
  <ItemGroup>
    <Filter Include="Source Files">
      <UniqueIdentifier>{4FC737F1-C7A5-4376-A066-2A32D752A2FF}</UniqueIdentifier>
      <Extensions>cpp;c;cc;cxx;def;odl;idl;hpj;bat;asm;asmx</Extensions>
    </Filter>
    <Filter Include="Header Files">
      <UniqueIdentifier>{93995380-89BD-4b04-88EB-625FBE52EBFB}</UniqueIdentifier>
      <Extensions>h;hh;hpp;hxx;hm;inl;inc;ipp;xsd</Extensions>
    </Filter>
    <Filter Include="Resource Files">
      <UniqueIdentifier>{67DA6AB6-F800-4c08-8B7A-83BB121AAD01}</UniqueIdentifier>
      <Extensions>rc;ico;cur;bmp;dlg;rc2;rct;bin;rgs;gif;jpg;jpeg;jpe;resx;tiff;tif;png;wav;mfcribbon-ms</Extensions>
    </Filter>
    <Filter Include="Source Files\Observer">
      <UniqueIdentifier>{e72c0e7b-e7d9-4ae9-8353-60c30b006b1d}</UniqueIdentifier>
    </Filter>
    <Filter Include="Source Files\Delegate">
      <UniqueIdentifier>{cbf613af-2226-4845-83dc-c49e03664234}</UniqueIdentifier>
    </Filter>
    <Filter Include="Source Files\Flyweight">
      <UniqueIdentifier>{bc8d3f28-dbac-45a7-8c1b-77bdcea66708}</UniqueIdentifier>
    </Filter>
    <Filter Include="Source Files\Proxy">
      <UniqueIdentifier>{224ed2b9-e709-49fc-b8de-204565775f1d}</UniqueIdentifier>
    </Filter>
    <Filter Include="Source Files\Bridge">
      <UniqueIdentifier>{af8d8ed1-181e-47f2-87e9-198fbf9c5236}</UniqueIdentifier>
    </Filter>
    <Filter Include="Source Files\Adapter">
      <UniqueIdentifier>{c65a7612-315e-484d-a1c1-9c3f56b33d06}</UniqueIdentifier>
    </Filter>
    <Filter Include="Source Files\Composite">
      <UniqueIdentifier>{7a0cb16c-1b1e-4574-b356-fd2187fe03d1}</UniqueIdentifier>
    </Filter>
  </ItemGroup>
  <ItemGroup>
    <ClInclude Include="pch.h">
      <Filter>Header Files</Filter>
    </ClInclude>
    <ClInclude Include="Observer\Server.h">
      <Filter>Source Files\Observer</Filter>
    </ClInclude>
    <ClInclude Include="Observer\Observer.h">
      <Filter>Source Files\Observer</Filter>
    </ClInclude>
    <ClInclude Include="Observer\Subject.h">
      <Filter>Source Files\Observer</Filter>
    </ClInclude>
    <ClInclude Include="Observer\Client.h">
      <Filter>Source Files\Observer</Filter>
    </ClInclude>
    <ClInclude Include="Observer\ObserverPattern.h">
      <Filter>Source Files\Observer</Filter>
    </ClInclude>
    <ClInclude Include="Delegate\Delegate.h">
      <Filter>Source Files\Delegate</Filter>
    </ClInclude>
    <ClInclude Include="Delegate\Delegate11.h">
      <Filter>Source Files\Delegate</Filter>
    </ClInclude>
    <ClInclude Include="Flyweight\Flyweight.h">
      <Filter>Source Files\Flyweight</Filter>
    </ClInclude>
    <ClInclude Include="Proxy\ProxyPattern.h">
      <Filter>Header Files</Filter>
    </ClInclude>
    <ClInclude Include="Bridge\BridgePattern.h">
      <Filter>Source Files\Bridge</Filter>
    </ClInclude>
    <ClInclude Include="Adapter\Adapter.h">
      <Filter>Source Files\Adapter</Filter>
    </ClInclude>
    <ClInclude Include="Composite\CompositePattern.h">
      <Filter>Source Files\Composite</Filter>
    </ClInclude>
  </ItemGroup>
  <ItemGroup>
    <ClCompile Include="pch.cpp">
      <Filter>Source Files</Filter>
    </ClCompile>
    <ClCompile Include="DesignPatterns.cpp">
      <Filter>Source Files</Filter>
    </ClCompile>
    <ClCompile Include="Observer\ObserverPattern.cpp">
      <Filter>Source Files\Observer</Filter>
    </ClCompile>
    <ClCompile Include="Bridge\BridgePattern.cpp">
      <Filter>Source Files\Bridge</Filter>
    </ClCompile>
  </ItemGroup>
</Project>